// !$*UTF8*$!
{
	archiveVersion = 1;
	classes = {
	};
	objectVersion = 56;
	objects = {

/* Begin PBXBuildFile section */
		5E14BD4F293D09A7002000AC /* HeaterMeterService.swift in Sources */ = {isa = PBXBuildFile; fileRef = 5E14BD4E293D09A7002000AC /* HeaterMeterService.swift */; };
		5E14BD51293D0EE4002000AC /* DeviceView.swift in Sources */ = {isa = PBXBuildFile; fileRef = 5E14BD50293D0EE4002000AC /* DeviceView.swift */; };
		5E14BD53293D0EEB002000AC /* DeviceViewModel.swift in Sources */ = {isa = PBXBuildFile; fileRef = 5E14BD52293D0EEB002000AC /* DeviceViewModel.swift */; };
		5E14BD55293D4A9E002000AC /* LocalNetwork.swift in Sources */ = {isa = PBXBuildFile; fileRef = 5E14BD54293D4A9E002000AC /* LocalNetwork.swift */; };
		5E22728029324D6200BC7ED0 /* HeatermeterApp.swift in Sources */ = {isa = PBXBuildFile; fileRef = 5E22727F29324D6200BC7ED0 /* HeatermeterApp.swift */; };
		5E22728229324D6200BC7ED0 /* ContentView.swift in Sources */ = {isa = PBXBuildFile; fileRef = 5E22728129324D6200BC7ED0 /* ContentView.swift */; };
		5E22728429324D6300BC7ED0 /* Assets.xcassets in Resources */ = {isa = PBXBuildFile; fileRef = 5E22728329324D6300BC7ED0 /* Assets.xcassets */; };
		5E22728729324D6300BC7ED0 /* Preview Assets.xcassets in Resources */ = {isa = PBXBuildFile; fileRef = 5E22728629324D6300BC7ED0 /* Preview Assets.xcassets */; };
		5E22729129324D6300BC7ED0 /* HeatermeterTests.swift in Sources */ = {isa = PBXBuildFile; fileRef = 5E22729029324D6300BC7ED0 /* HeatermeterTests.swift */; };
		5E22729B29324D6300BC7ED0 /* HeatermeterUITests.swift in Sources */ = {isa = PBXBuildFile; fileRef = 5E22729A29324D6300BC7ED0 /* HeatermeterUITests.swift */; };
		5E22729D29324D6300BC7ED0 /* HeatermeterUITestsLaunchTests.swift in Sources */ = {isa = PBXBuildFile; fileRef = 5E22729C29324D6300BC7ED0 /* HeatermeterUITestsLaunchTests.swift */; };
		5E435237293CE17500C65E0D /* Optional+CString.swift in Sources */ = {isa = PBXBuildFile; fileRef = 5E435236293CE17500C65E0D /* Optional+CString.swift */; };
		5E435239293CF99A00C65E0D /* DNSServiceDiscovery.swift in Sources */ = {isa = PBXBuildFile; fileRef = 5E435238293CF99A00C65E0D /* DNSServiceDiscovery.swift */; };
		5E5280552936CD83003BE095 /* CurrentStatus.swift in Sources */ = {isa = PBXBuildFile; fileRef = 5E5280542936CD83003BE095 /* CurrentStatus.swift */; };
		5E5280582936D0F9003BE095 /* Temp.swift in Sources */ = {isa = PBXBuildFile; fileRef = 5E5280572936D0F9003BE095 /* Temp.swift */; };
		5E52805A2936D109003BE095 /* Fan.swift in Sources */ = {isa = PBXBuildFile; fileRef = 5E5280592936D109003BE095 /* Fan.swift */; };
		5E52805C2936D12E003BE095 /* Alarm.swift in Sources */ = {isa = PBXBuildFile; fileRef = 5E52805B2936D12E003BE095 /* Alarm.swift */; };
		5E52806829379D10003BE095 /* DeviceDiscoveryViewModel.swift in Sources */ = {isa = PBXBuildFile; fileRef = 5E52806729379D10003BE095 /* DeviceDiscoveryViewModel.swift */; };
		5E52806A29379D1C003BE095 /* Device.swift in Sources */ = {isa = PBXBuildFile; fileRef = 5E52806929379D1C003BE095 /* Device.swift */; };
		5E528071293A71F9003BE095 /* DNSService.swift in Sources */ = {isa = PBXBuildFile; fileRef = 5E528070293A71F9003BE095 /* DNSService.swift */; };
		5E528073293AB7D5003BE095 /* DNSServiceResolver.swift in Sources */ = {isa = PBXBuildFile; fileRef = 5E528072293AB7D5003BE095 /* DNSServiceResolver.swift */; };
		5E528075293BE76B003BE095 /* DNSServiceBrowser.swift in Sources */ = {isa = PBXBuildFile; fileRef = 5E528074293BE76B003BE095 /* DNSServiceBrowser.swift */; };
		5E528077293BF0C5003BE095 /* DeviceDiscoveryView.swift in Sources */ = {isa = PBXBuildFile; fileRef = 5E528076293BF0C5003BE095 /* DeviceDiscoveryView.swift */; };
		5E8A79D1293E9E2000C328A2 /* ProbeView.swift in Sources */ = {isa = PBXBuildFile; fileRef = 5E8A79D0293E9E2000C328A2 /* ProbeView.swift */; };
		5E8A79D3293EB09B00C328A2 /* DeviceStatusView.swift in Sources */ = {isa = PBXBuildFile; fileRef = 5E8A79D2293EB09B00C328A2 /* DeviceStatusView.swift */; };
		5E8A79D7293ED54F00C328A2 /* NumberFormatter.swift in Sources */ = {isa = PBXBuildFile; fileRef = 5E8A79D6293ED54F00C328A2 /* NumberFormatter.swift */; };
		5E8A79D9293EDB6F00C328A2 /* ProbeViewModel.swift in Sources */ = {isa = PBXBuildFile; fileRef = 5E8A79D8293EDB6F00C328A2 /* ProbeViewModel.swift */; };
		5E52805F2936EE7F003BE095 /* CodableCSV in Frameworks */ = {isa = PBXBuildFile; productRef = 5E52805E2936EE7F003BE095 /* CodableCSV */; };
		5E5280612936EE99003BE095 /* GraphSample.swift in Sources */ = {isa = PBXBuildFile; fileRef = 5E5280602936EE99003BE095 /* GraphSample.swift */; };
/* End PBXBuildFile section */

/* Begin PBXContainerItemProxy section */
		5E22728D29324D6300BC7ED0 /* PBXContainerItemProxy */ = {
			isa = PBXContainerItemProxy;
			containerPortal = 5E22727429324D6200BC7ED0 /* Project object */;
			proxyType = 1;
			remoteGlobalIDString = 5E22727B29324D6200BC7ED0;
			remoteInfo = Heatermeter;
		};
		5E22729729324D6300BC7ED0 /* PBXContainerItemProxy */ = {
			isa = PBXContainerItemProxy;
			containerPortal = 5E22727429324D6200BC7ED0 /* Project object */;
			proxyType = 1;
			remoteGlobalIDString = 5E22727B29324D6200BC7ED0;
			remoteInfo = Heatermeter;
		};
/* End PBXContainerItemProxy section */

/* Begin PBXFileReference section */
		5E14BD4E293D09A7002000AC /* HeaterMeterService.swift */ = {isa = PBXFileReference; lastKnownFileType = sourcecode.swift; path = HeaterMeterService.swift; sourceTree = "<group>"; };
		5E14BD50293D0EE4002000AC /* DeviceView.swift */ = {isa = PBXFileReference; lastKnownFileType = sourcecode.swift; path = DeviceView.swift; sourceTree = "<group>"; };
		5E14BD52293D0EEB002000AC /* DeviceViewModel.swift */ = {isa = PBXFileReference; lastKnownFileType = sourcecode.swift; path = DeviceViewModel.swift; sourceTree = "<group>"; };
		5E14BD54293D4A9E002000AC /* LocalNetwork.swift */ = {isa = PBXFileReference; lastKnownFileType = sourcecode.swift; path = LocalNetwork.swift; sourceTree = "<group>"; };
		5E22727C29324D6200BC7ED0 /* Heatermeter.app */ = {isa = PBXFileReference; explicitFileType = wrapper.application; includeInIndex = 0; path = Heatermeter.app; sourceTree = BUILT_PRODUCTS_DIR; };
		5E22727F29324D6200BC7ED0 /* HeatermeterApp.swift */ = {isa = PBXFileReference; lastKnownFileType = sourcecode.swift; path = HeatermeterApp.swift; sourceTree = "<group>"; };
		5E22728129324D6200BC7ED0 /* ContentView.swift */ = {isa = PBXFileReference; lastKnownFileType = sourcecode.swift; path = ContentView.swift; sourceTree = "<group>"; };
		5E22728329324D6300BC7ED0 /* Assets.xcassets */ = {isa = PBXFileReference; lastKnownFileType = folder.assetcatalog; path = Assets.xcassets; sourceTree = "<group>"; };
		5E22728629324D6300BC7ED0 /* Preview Assets.xcassets */ = {isa = PBXFileReference; lastKnownFileType = folder.assetcatalog; path = "Preview Assets.xcassets"; sourceTree = "<group>"; };
		5E22728C29324D6300BC7ED0 /* HeatermeterTests.xctest */ = {isa = PBXFileReference; explicitFileType = wrapper.cfbundle; includeInIndex = 0; path = HeatermeterTests.xctest; sourceTree = BUILT_PRODUCTS_DIR; };
		5E22729029324D6300BC7ED0 /* HeatermeterTests.swift */ = {isa = PBXFileReference; lastKnownFileType = sourcecode.swift; path = HeatermeterTests.swift; sourceTree = "<group>"; };
		5E22729629324D6300BC7ED0 /* HeatermeterUITests.xctest */ = {isa = PBXFileReference; explicitFileType = wrapper.cfbundle; includeInIndex = 0; path = HeatermeterUITests.xctest; sourceTree = BUILT_PRODUCTS_DIR; };
		5E22729A29324D6300BC7ED0 /* HeatermeterUITests.swift */ = {isa = PBXFileReference; lastKnownFileType = sourcecode.swift; path = HeatermeterUITests.swift; sourceTree = "<group>"; };
		5E22729C29324D6300BC7ED0 /* HeatermeterUITestsLaunchTests.swift */ = {isa = PBXFileReference; lastKnownFileType = sourcecode.swift; path = HeatermeterUITestsLaunchTests.swift; sourceTree = "<group>"; };
		5E435236293CE17500C65E0D /* Optional+CString.swift */ = {isa = PBXFileReference; lastKnownFileType = sourcecode.swift; path = "Optional+CString.swift"; sourceTree = "<group>"; };
		5E435238293CF99A00C65E0D /* DNSServiceDiscovery.swift */ = {isa = PBXFileReference; lastKnownFileType = sourcecode.swift; path = DNSServiceDiscovery.swift; sourceTree = "<group>"; };
		5E5280542936CD83003BE095 /* CurrentStatus.swift */ = {isa = PBXFileReference; lastKnownFileType = sourcecode.swift; path = CurrentStatus.swift; sourceTree = "<group>"; };
		5E5280572936D0F9003BE095 /* Temp.swift */ = {isa = PBXFileReference; lastKnownFileType = sourcecode.swift; path = Temp.swift; sourceTree = "<group>"; };
		5E5280592936D109003BE095 /* Fan.swift */ = {isa = PBXFileReference; lastKnownFileType = sourcecode.swift; path = Fan.swift; sourceTree = "<group>"; };
		5E52805B2936D12E003BE095 /* Alarm.swift */ = {isa = PBXFileReference; lastKnownFileType = sourcecode.swift; path = Alarm.swift; sourceTree = "<group>"; };
		5E52806729379D10003BE095 /* DeviceDiscoveryViewModel.swift */ = {isa = PBXFileReference; lastKnownFileType = sourcecode.swift; path = DeviceDiscoveryViewModel.swift; sourceTree = "<group>"; };
		5E52806929379D1C003BE095 /* Device.swift */ = {isa = PBXFileReference; lastKnownFileType = sourcecode.swift; path = Device.swift; sourceTree = "<group>"; };
		5E52806B293A5EA9003BE095 /* Info.plist */ = {isa = PBXFileReference; lastKnownFileType = text.plist; path = Info.plist; sourceTree = "<group>"; };
		5E528070293A71F9003BE095 /* DNSService.swift */ = {isa = PBXFileReference; lastKnownFileType = sourcecode.swift; path = DNSService.swift; sourceTree = "<group>"; };
		5E528072293AB7D5003BE095 /* DNSServiceResolver.swift */ = {isa = PBXFileReference; lastKnownFileType = sourcecode.swift; path = DNSServiceResolver.swift; sourceTree = "<group>"; };
		5E528074293BE76B003BE095 /* DNSServiceBrowser.swift */ = {isa = PBXFileReference; lastKnownFileType = sourcecode.swift; path = DNSServiceBrowser.swift; sourceTree = "<group>"; };
		5E528076293BF0C5003BE095 /* DeviceDiscoveryView.swift */ = {isa = PBXFileReference; lastKnownFileType = sourcecode.swift; path = DeviceDiscoveryView.swift; sourceTree = "<group>"; };
		5E8A79D0293E9E2000C328A2 /* ProbeView.swift */ = {isa = PBXFileReference; lastKnownFileType = sourcecode.swift; path = ProbeView.swift; sourceTree = "<group>"; };
		5E8A79D2293EB09B00C328A2 /* DeviceStatusView.swift */ = {isa = PBXFileReference; lastKnownFileType = sourcecode.swift; path = DeviceStatusView.swift; sourceTree = "<group>"; };
		5E8A79D6293ED54F00C328A2 /* NumberFormatter.swift */ = {isa = PBXFileReference; lastKnownFileType = sourcecode.swift; path = NumberFormatter.swift; sourceTree = "<group>"; };
		5E8A79D8293EDB6F00C328A2 /* ProbeViewModel.swift */ = {isa = PBXFileReference; lastKnownFileType = sourcecode.swift; path = ProbeViewModel.swift; sourceTree = "<group>"; };
		5E5280602936EE99003BE095 /* GraphSample.swift */ = {isa = PBXFileReference; lastKnownFileType = sourcecode.swift; path = GraphSample.swift; sourceTree = "<group>"; };
/* End PBXFileReference section */

/* Begin PBXFrameworksBuildPhase section */
		5E22727929324D6200BC7ED0 /* Frameworks */ = {
			isa = PBXFrameworksBuildPhase;
			buildActionMask = 2147483647;
			files = (
				5E52805F2936EE7F003BE095 /* CodableCSV in Frameworks */,
				5E2272AB29324D9500BC7ED0 /* ServiceDiscovery in Frameworks */,
			);
			runOnlyForDeploymentPostprocessing = 0;
		};
		5E22728929324D6300BC7ED0 /* Frameworks */ = {
			isa = PBXFrameworksBuildPhase;
			buildActionMask = 2147483647;
			files = (
			);
			runOnlyForDeploymentPostprocessing = 0;
		};
		5E22729329324D6300BC7ED0 /* Frameworks */ = {
			isa = PBXFrameworksBuildPhase;
			buildActionMask = 2147483647;
			files = (
			);
			runOnlyForDeploymentPostprocessing = 0;
		};
/* End PBXFrameworksBuildPhase section */

/* Begin PBXGroup section */
		5E22727329324D6200BC7ED0 = {
			isa = PBXGroup;
			children = (
				5E22727E29324D6200BC7ED0 /* Heatermeter */,
				5E22728F29324D6300BC7ED0 /* HeatermeterTests */,
				5E22729929324D6300BC7ED0 /* HeatermeterUITests */,
				5E22727D29324D6200BC7ED0 /* Products */,
			);
			sourceTree = "<group>";
		};
		5E22727D29324D6200BC7ED0 /* Products */ = {
			isa = PBXGroup;
			children = (
				5E22727C29324D6200BC7ED0 /* Heatermeter.app */,
				5E22728C29324D6300BC7ED0 /* HeatermeterTests.xctest */,
				5E22729629324D6300BC7ED0 /* HeatermeterUITests.xctest */,
			);
			name = Products;
			sourceTree = "<group>";
		};
		5E22727E29324D6200BC7ED0 /* Heatermeter */ = {
			isa = PBXGroup;
			children = (
				5E52806B293A5EA9003BE095 /* Info.plist */,
				5E22727F29324D6200BC7ED0 /* HeatermeterApp.swift */,
				5E52806729379D10003BE095 /* DeviceDiscoveryViewModel.swift */,
				5E528076293BF0C5003BE095 /* DeviceDiscoveryView.swift */,
				5E14BD50293D0EE4002000AC /* DeviceView.swift */,
				5E8A79D2293EB09B00C328A2 /* DeviceStatusView.swift */,
				5E8A79D0293E9E2000C328A2 /* ProbeView.swift */,
				5E8A79D8293EDB6F00C328A2 /* ProbeViewModel.swift */,
				5E14BD52293D0EEB002000AC /* DeviceViewModel.swift */,
				5E22728129324D6200BC7ED0 /* ContentView.swift */,
				5E14BD4E293D09A7002000AC /* HeaterMeterService.swift */,
				5E14BD54293D4A9E002000AC /* LocalNetwork.swift */,
				5E8A79D6293ED54F00C328A2 /* NumberFormatter.swift */,
				5E435235293CE13900C65E0D /* DNSService Discovery */,
				5E5280562936D0EE003BE095 /* Models */,
				5E22728329324D6300BC7ED0 /* Assets.xcassets */,
				5E22728529324D6300BC7ED0 /* Preview Content */,
			);
			path = Heatermeter;
			sourceTree = "<group>";
		};
		5E22728529324D6300BC7ED0 /* Preview Content */ = {
			isa = PBXGroup;
			children = (
				5E22728629324D6300BC7ED0 /* Preview Assets.xcassets */,
			);
			path = "Preview Content";
			sourceTree = "<group>";
		};
		5E22728F29324D6300BC7ED0 /* HeatermeterTests */ = {
			isa = PBXGroup;
			children = (
				5E22729029324D6300BC7ED0 /* HeatermeterTests.swift */,
			);
			path = HeatermeterTests;
			sourceTree = "<group>";
		};
		5E22729929324D6300BC7ED0 /* HeatermeterUITests */ = {
			isa = PBXGroup;
			children = (
				5E22729A29324D6300BC7ED0 /* HeatermeterUITests.swift */,
				5E22729C29324D6300BC7ED0 /* HeatermeterUITestsLaunchTests.swift */,
			);
			path = HeatermeterUITests;
			sourceTree = "<group>";
		};
		5E435235293CE13900C65E0D /* DNSService Discovery */ = {
			isa = PBXGroup;
			children = (
				5E528070293A71F9003BE095 /* DNSService.swift */,
				5E528072293AB7D5003BE095 /* DNSServiceResolver.swift */,
				5E528074293BE76B003BE095 /* DNSServiceBrowser.swift */,
				5E435238293CF99A00C65E0D /* DNSServiceDiscovery.swift */,
				5E435236293CE17500C65E0D /* Optional+CString.swift */,
			);
			path = "DNSService Discovery";
			sourceTree = "<group>";
		};
		5E5280562936D0EE003BE095 /* Models */ = {
			isa = PBXGroup;
			children = (
				5E5280542936CD83003BE095 /* CurrentStatus.swift */,
				5E5280572936D0F9003BE095 /* Temp.swift */,
				5E5280592936D109003BE095 /* Fan.swift */,
				5E52805B2936D12E003BE095 /* Alarm.swift */,
				5E52806929379D1C003BE095 /* Device.swift */,
				5E5280602936EE99003BE095 /* GraphSample.swift */,
			);
			path = Models;
			sourceTree = "<group>";
		};
/* End PBXGroup section */

/* Begin PBXNativeTarget section */
		5E22727B29324D6200BC7ED0 /* Heatermeter */ = {
			isa = PBXNativeTarget;
			buildConfigurationList = 5E2272A029324D6300BC7ED0 /* Build configuration list for PBXNativeTarget "Heatermeter" */;
			buildPhases = (
				5E22727829324D6200BC7ED0 /* Sources */,
				5E22727929324D6200BC7ED0 /* Frameworks */,
				5E22727A29324D6200BC7ED0 /* Resources */,
			);
			buildRules = (
			);
			dependencies = (
			);
			name = Heatermeter;
			packageProductDependencies = (
				5E2272AA29324D9500BC7ED0 /* ServiceDiscovery */,
				5E52805E2936EE7F003BE095 /* CodableCSV */,
			);
			productName = Heatermeter;
			productReference = 5E22727C29324D6200BC7ED0 /* Heatermeter.app */;
			productType = "com.apple.product-type.application";
		};
		5E22728B29324D6300BC7ED0 /* HeatermeterTests */ = {
			isa = PBXNativeTarget;
			buildConfigurationList = 5E2272A329324D6300BC7ED0 /* Build configuration list for PBXNativeTarget "HeatermeterTests" */;
			buildPhases = (
				5E22728829324D6300BC7ED0 /* Sources */,
				5E22728929324D6300BC7ED0 /* Frameworks */,
				5E22728A29324D6300BC7ED0 /* Resources */,
			);
			buildRules = (
			);
			dependencies = (
				5E22728E29324D6300BC7ED0 /* PBXTargetDependency */,
			);
			name = HeatermeterTests;
			productName = HeatermeterTests;
			productReference = 5E22728C29324D6300BC7ED0 /* HeatermeterTests.xctest */;
			productType = "com.apple.product-type.bundle.unit-test";
		};
		5E22729529324D6300BC7ED0 /* HeatermeterUITests */ = {
			isa = PBXNativeTarget;
			buildConfigurationList = 5E2272A629324D6300BC7ED0 /* Build configuration list for PBXNativeTarget "HeatermeterUITests" */;
			buildPhases = (
				5E22729229324D6300BC7ED0 /* Sources */,
				5E22729329324D6300BC7ED0 /* Frameworks */,
				5E22729429324D6300BC7ED0 /* Resources */,
			);
			buildRules = (
			);
			dependencies = (
				5E22729829324D6300BC7ED0 /* PBXTargetDependency */,
			);
			name = HeatermeterUITests;
			productName = HeatermeterUITests;
			productReference = 5E22729629324D6300BC7ED0 /* HeatermeterUITests.xctest */;
			productType = "com.apple.product-type.bundle.ui-testing";
		};
/* End PBXNativeTarget section */

/* Begin PBXProject section */
		5E22727429324D6200BC7ED0 /* Project object */ = {
			isa = PBXProject;
			attributes = {
				BuildIndependentTargetsInParallel = 1;
				LastSwiftUpdateCheck = 1410;
				LastUpgradeCheck = 1410;
				TargetAttributes = {
					5E22727B29324D6200BC7ED0 = {
						CreatedOnToolsVersion = 14.1;
					};
					5E22728B29324D6300BC7ED0 = {
						CreatedOnToolsVersion = 14.1;
						TestTargetID = 5E22727B29324D6200BC7ED0;
					};
					5E22729529324D6300BC7ED0 = {
						CreatedOnToolsVersion = 14.1;
						TestTargetID = 5E22727B29324D6200BC7ED0;
					};
				};
			};
			buildConfigurationList = 5E22727729324D6200BC7ED0 /* Build configuration list for PBXProject "Heatermeter" */;
			compatibilityVersion = "Xcode 14.0";
			developmentRegion = en;
			hasScannedForEncodings = 0;
			knownRegions = (
				en,
				Base,
			);
			mainGroup = 5E22727329324D6200BC7ED0;
			packageReferences = (
				5E2272A929324D9500BC7ED0 /* XCRemoteSwiftPackageReference "swift-service-discovery" */,
				5E52805D2936EE7F003BE095 /* XCRemoteSwiftPackageReference "CodableCSV" */,
			);
			productRefGroup = 5E22727D29324D6200BC7ED0 /* Products */;
			projectDirPath = "";
			projectRoot = "";
			targets = (
				5E22727B29324D6200BC7ED0 /* Heatermeter */,
				5E22728B29324D6300BC7ED0 /* HeatermeterTests */,
				5E22729529324D6300BC7ED0 /* HeatermeterUITests */,
			);
		};
/* End PBXProject section */

/* Begin PBXResourcesBuildPhase section */
		5E22727A29324D6200BC7ED0 /* Resources */ = {
			isa = PBXResourcesBuildPhase;
			buildActionMask = 2147483647;
			files = (
				5E22728729324D6300BC7ED0 /* Preview Assets.xcassets in Resources */,
				5E22728429324D6300BC7ED0 /* Assets.xcassets in Resources */,
			);
			runOnlyForDeploymentPostprocessing = 0;
		};
		5E22728A29324D6300BC7ED0 /* Resources */ = {
			isa = PBXResourcesBuildPhase;
			buildActionMask = 2147483647;
			files = (
			);
			runOnlyForDeploymentPostprocessing = 0;
		};
		5E22729429324D6300BC7ED0 /* Resources */ = {
			isa = PBXResourcesBuildPhase;
			buildActionMask = 2147483647;
			files = (
			);
			runOnlyForDeploymentPostprocessing = 0;
		};
/* End PBXResourcesBuildPhase section */

/* Begin PBXSourcesBuildPhase section */
		5E22727829324D6200BC7ED0 /* Sources */ = {
			isa = PBXSourcesBuildPhase;
			buildActionMask = 2147483647;
			files = (
				5E22728229324D6200BC7ED0 /* ContentView.swift in Sources */,
				5E8A79D9293EDB6F00C328A2 /* ProbeViewModel.swift in Sources */,
				5E14BD53293D0EEB002000AC /* DeviceViewModel.swift in Sources */,
				5E5280552936CD83003BE095 /* CurrentStatus.swift in Sources */,
				5E435239293CF99A00C65E0D /* DNSServiceDiscovery.swift in Sources */,
				5E8A79D3293EB09B00C328A2 /* DeviceStatusView.swift in Sources */,
				5E435237293CE17500C65E0D /* Optional+CString.swift in Sources */,
				5E8A79D1293E9E2000C328A2 /* ProbeView.swift in Sources */,
				5E52805A2936D109003BE095 /* Fan.swift in Sources */,
				5E22728029324D6200BC7ED0 /* HeatermeterApp.swift in Sources */,
				5E14BD51293D0EE4002000AC /* DeviceView.swift in Sources */,
				5E14BD4F293D09A7002000AC /* HeaterMeterService.swift in Sources */,
				5E52806829379D10003BE095 /* DeviceDiscoveryViewModel.swift in Sources */,
				5E14BD55293D4A9E002000AC /* LocalNetwork.swift in Sources */,
				5E5280612936EE99003BE095 /* GraphSample.swift in Sources */,
				5E5280582936D0F9003BE095 /* Temp.swift in Sources */,
				5E528075293BE76B003BE095 /* DNSServiceBrowser.swift in Sources */,
				5E528077293BF0C5003BE095 /* DeviceDiscoveryView.swift in Sources */,
				5E8A79D7293ED54F00C328A2 /* NumberFormatter.swift in Sources */,
				5E528073293AB7D5003BE095 /* DNSServiceResolver.swift in Sources */,
				5E52805C2936D12E003BE095 /* Alarm.swift in Sources */,
				5E528071293A71F9003BE095 /* DNSService.swift in Sources */,
				5E52806A29379D1C003BE095 /* Device.swift in Sources */,
			);
			runOnlyForDeploymentPostprocessing = 0;
		};
		5E22728829324D6300BC7ED0 /* Sources */ = {
			isa = PBXSourcesBuildPhase;
			buildActionMask = 2147483647;
			files = (
				5E22729129324D6300BC7ED0 /* HeatermeterTests.swift in Sources */,
			);
			runOnlyForDeploymentPostprocessing = 0;
		};
		5E22729229324D6300BC7ED0 /* Sources */ = {
			isa = PBXSourcesBuildPhase;
			buildActionMask = 2147483647;
			files = (
				5E22729B29324D6300BC7ED0 /* HeatermeterUITests.swift in Sources */,
				5E22729D29324D6300BC7ED0 /* HeatermeterUITestsLaunchTests.swift in Sources */,
			);
			runOnlyForDeploymentPostprocessing = 0;
		};
/* End PBXSourcesBuildPhase section */

/* Begin PBXTargetDependency section */
		5E22728E29324D6300BC7ED0 /* PBXTargetDependency */ = {
			isa = PBXTargetDependency;
			target = 5E22727B29324D6200BC7ED0 /* Heatermeter */;
			targetProxy = 5E22728D29324D6300BC7ED0 /* PBXContainerItemProxy */;
		};
		5E22729829324D6300BC7ED0 /* PBXTargetDependency */ = {
			isa = PBXTargetDependency;
			target = 5E22727B29324D6200BC7ED0 /* Heatermeter */;
			targetProxy = 5E22729729324D6300BC7ED0 /* PBXContainerItemProxy */;
		};
/* End PBXTargetDependency section */

/* Begin XCBuildConfiguration section */
		5E22729E29324D6300BC7ED0 /* Debug */ = {
			isa = XCBuildConfiguration;
			buildSettings = {
				ALWAYS_SEARCH_USER_PATHS = NO;
				CLANG_ANALYZER_NONNULL = YES;
				CLANG_ANALYZER_NUMBER_OBJECT_CONVERSION = YES_AGGRESSIVE;
				CLANG_CXX_LANGUAGE_STANDARD = "gnu++20";
				CLANG_ENABLE_MODULES = YES;
				CLANG_ENABLE_OBJC_ARC = YES;
				CLANG_ENABLE_OBJC_WEAK = YES;
				CLANG_WARN_BLOCK_CAPTURE_AUTORELEASING = YES;
				CLANG_WARN_BOOL_CONVERSION = YES;
				CLANG_WARN_COMMA = YES;
				CLANG_WARN_CONSTANT_CONVERSION = YES;
				CLANG_WARN_DEPRECATED_OBJC_IMPLEMENTATIONS = YES;
				CLANG_WARN_DIRECT_OBJC_ISA_USAGE = YES_ERROR;
				CLANG_WARN_DOCUMENTATION_COMMENTS = YES;
				CLANG_WARN_EMPTY_BODY = YES;
				CLANG_WARN_ENUM_CONVERSION = YES;
				CLANG_WARN_INFINITE_RECURSION = YES;
				CLANG_WARN_INT_CONVERSION = YES;
				CLANG_WARN_NON_LITERAL_NULL_CONVERSION = YES;
				CLANG_WARN_OBJC_IMPLICIT_RETAIN_SELF = YES;
				CLANG_WARN_OBJC_LITERAL_CONVERSION = YES;
				CLANG_WARN_OBJC_ROOT_CLASS = YES_ERROR;
				CLANG_WARN_QUOTED_INCLUDE_IN_FRAMEWORK_HEADER = YES;
				CLANG_WARN_RANGE_LOOP_ANALYSIS = YES;
				CLANG_WARN_STRICT_PROTOTYPES = YES;
				CLANG_WARN_SUSPICIOUS_MOVE = YES;
				CLANG_WARN_UNGUARDED_AVAILABILITY = YES_AGGRESSIVE;
				CLANG_WARN_UNREACHABLE_CODE = YES;
				CLANG_WARN__DUPLICATE_METHOD_MATCH = YES;
				COPY_PHASE_STRIP = NO;
				DEBUG_INFORMATION_FORMAT = dwarf;
				ENABLE_STRICT_OBJC_MSGSEND = YES;
				ENABLE_TESTABILITY = YES;
				GCC_C_LANGUAGE_STANDARD = gnu11;
				GCC_DYNAMIC_NO_PIC = NO;
				GCC_NO_COMMON_BLOCKS = YES;
				GCC_OPTIMIZATION_LEVEL = 0;
				GCC_PREPROCESSOR_DEFINITIONS = (
					"DEBUG=1",
					"$(inherited)",
				);
				GCC_WARN_64_TO_32_BIT_CONVERSION = YES;
				GCC_WARN_ABOUT_RETURN_TYPE = YES_ERROR;
				GCC_WARN_UNDECLARED_SELECTOR = YES;
				GCC_WARN_UNINITIALIZED_AUTOS = YES_AGGRESSIVE;
				GCC_WARN_UNUSED_FUNCTION = YES;
				GCC_WARN_UNUSED_VARIABLE = YES;
				IPHONEOS_DEPLOYMENT_TARGET = 16.1;
				MTL_ENABLE_DEBUG_INFO = INCLUDE_SOURCE;
				MTL_FAST_MATH = YES;
				ONLY_ACTIVE_ARCH = YES;
				SDKROOT = iphoneos;
				SWIFT_ACTIVE_COMPILATION_CONDITIONS = DEBUG;
				SWIFT_OPTIMIZATION_LEVEL = "-Onone";
			};
			name = Debug;
		};
		5E22729F29324D6300BC7ED0 /* Release */ = {
			isa = XCBuildConfiguration;
			buildSettings = {
				ALWAYS_SEARCH_USER_PATHS = NO;
				CLANG_ANALYZER_NONNULL = YES;
				CLANG_ANALYZER_NUMBER_OBJECT_CONVERSION = YES_AGGRESSIVE;
				CLANG_CXX_LANGUAGE_STANDARD = "gnu++20";
				CLANG_ENABLE_MODULES = YES;
				CLANG_ENABLE_OBJC_ARC = YES;
				CLANG_ENABLE_OBJC_WEAK = YES;
				CLANG_WARN_BLOCK_CAPTURE_AUTORELEASING = YES;
				CLANG_WARN_BOOL_CONVERSION = YES;
				CLANG_WARN_COMMA = YES;
				CLANG_WARN_CONSTANT_CONVERSION = YES;
				CLANG_WARN_DEPRECATED_OBJC_IMPLEMENTATIONS = YES;
				CLANG_WARN_DIRECT_OBJC_ISA_USAGE = YES_ERROR;
				CLANG_WARN_DOCUMENTATION_COMMENTS = YES;
				CLANG_WARN_EMPTY_BODY = YES;
				CLANG_WARN_ENUM_CONVERSION = YES;
				CLANG_WARN_INFINITE_RECURSION = YES;
				CLANG_WARN_INT_CONVERSION = YES;
				CLANG_WARN_NON_LITERAL_NULL_CONVERSION = YES;
				CLANG_WARN_OBJC_IMPLICIT_RETAIN_SELF = YES;
				CLANG_WARN_OBJC_LITERAL_CONVERSION = YES;
				CLANG_WARN_OBJC_ROOT_CLASS = YES_ERROR;
				CLANG_WARN_QUOTED_INCLUDE_IN_FRAMEWORK_HEADER = YES;
				CLANG_WARN_RANGE_LOOP_ANALYSIS = YES;
				CLANG_WARN_STRICT_PROTOTYPES = YES;
				CLANG_WARN_SUSPICIOUS_MOVE = YES;
				CLANG_WARN_UNGUARDED_AVAILABILITY = YES_AGGRESSIVE;
				CLANG_WARN_UNREACHABLE_CODE = YES;
				CLANG_WARN__DUPLICATE_METHOD_MATCH = YES;
				COPY_PHASE_STRIP = NO;
				DEBUG_INFORMATION_FORMAT = "dwarf-with-dsym";
				ENABLE_NS_ASSERTIONS = NO;
				ENABLE_STRICT_OBJC_MSGSEND = YES;
				GCC_C_LANGUAGE_STANDARD = gnu11;
				GCC_NO_COMMON_BLOCKS = YES;
				GCC_WARN_64_TO_32_BIT_CONVERSION = YES;
				GCC_WARN_ABOUT_RETURN_TYPE = YES_ERROR;
				GCC_WARN_UNDECLARED_SELECTOR = YES;
				GCC_WARN_UNINITIALIZED_AUTOS = YES_AGGRESSIVE;
				GCC_WARN_UNUSED_FUNCTION = YES;
				GCC_WARN_UNUSED_VARIABLE = YES;
				IPHONEOS_DEPLOYMENT_TARGET = 16.1;
				MTL_ENABLE_DEBUG_INFO = NO;
				MTL_FAST_MATH = YES;
				SDKROOT = iphoneos;
				SWIFT_COMPILATION_MODE = wholemodule;
				SWIFT_OPTIMIZATION_LEVEL = "-O";
				VALIDATE_PRODUCT = YES;
			};
			name = Release;
		};
		5E2272A129324D6300BC7ED0 /* Debug */ = {
			isa = XCBuildConfiguration;
			buildSettings = {
				ASSETCATALOG_COMPILER_APPICON_NAME = AppIcon;
				ASSETCATALOG_COMPILER_GLOBAL_ACCENT_COLOR_NAME = AccentColor;
				CODE_SIGN_STYLE = Automatic;
				CURRENT_PROJECT_VERSION = 1;
				DEVELOPMENT_ASSET_PATHS = "\"Heatermeter/Preview Content\"";
				DEVELOPMENT_TEAM = T5AN55VWBC;
				ENABLE_PREVIEWS = YES;
				GENERATE_INFOPLIST_FILE = YES;
				INFOPLIST_FILE = Heatermeter/Info.plist;
				INFOPLIST_KEY_NSLocalNetworkUsageDescription = "Device Discovery";
				INFOPLIST_KEY_UIApplicationSceneManifest_Generation = YES;
				INFOPLIST_KEY_UIApplicationSupportsIndirectInputEvents = YES;
				INFOPLIST_KEY_UILaunchScreen_Generation = YES;
				INFOPLIST_KEY_UISupportedInterfaceOrientations_iPad = "UIInterfaceOrientationPortrait UIInterfaceOrientationPortraitUpsideDown UIInterfaceOrientationLandscapeLeft UIInterfaceOrientationLandscapeRight";
				INFOPLIST_KEY_UISupportedInterfaceOrientations_iPhone = "UIInterfaceOrientationPortrait UIInterfaceOrientationLandscapeLeft UIInterfaceOrientationLandscapeRight";
				LD_RUNPATH_SEARCH_PATHS = (
					"$(inherited)",
					"@executable_path/Frameworks",
				);
				MARKETING_VERSION = 1.0;
				PRODUCT_BUNDLE_IDENTIFIER = com.gkagan.Heatermeter;
				PRODUCT_NAME = "$(TARGET_NAME)";
				SWIFT_EMIT_LOC_STRINGS = YES;
				SWIFT_VERSION = 5.0;
				TARGETED_DEVICE_FAMILY = "1,2";
			};
			name = Debug;
		};
		5E2272A229324D6300BC7ED0 /* Release */ = {
			isa = XCBuildConfiguration;
			buildSettings = {
				ASSETCATALOG_COMPILER_APPICON_NAME = AppIcon;
				ASSETCATALOG_COMPILER_GLOBAL_ACCENT_COLOR_NAME = AccentColor;
				CODE_SIGN_STYLE = Automatic;
				CURRENT_PROJECT_VERSION = 1;
				DEVELOPMENT_ASSET_PATHS = "\"Heatermeter/Preview Content\"";
				DEVELOPMENT_TEAM = T5AN55VWBC;
				ENABLE_PREVIEWS = YES;
				GENERATE_INFOPLIST_FILE = YES;
				INFOPLIST_FILE = Heatermeter/Info.plist;
				INFOPLIST_KEY_NSLocalNetworkUsageDescription = "Device Discovery";
				INFOPLIST_KEY_UIApplicationSceneManifest_Generation = YES;
				INFOPLIST_KEY_UIApplicationSupportsIndirectInputEvents = YES;
				INFOPLIST_KEY_UILaunchScreen_Generation = YES;
				INFOPLIST_KEY_UISupportedInterfaceOrientations_iPad = "UIInterfaceOrientationPortrait UIInterfaceOrientationPortraitUpsideDown UIInterfaceOrientationLandscapeLeft UIInterfaceOrientationLandscapeRight";
				INFOPLIST_KEY_UISupportedInterfaceOrientations_iPhone = "UIInterfaceOrientationPortrait UIInterfaceOrientationLandscapeLeft UIInterfaceOrientationLandscapeRight";
				LD_RUNPATH_SEARCH_PATHS = (
					"$(inherited)",
					"@executable_path/Frameworks",
				);
				MARKETING_VERSION = 1.0;
				PRODUCT_BUNDLE_IDENTIFIER = com.gkagan.Heatermeter;
				PRODUCT_NAME = "$(TARGET_NAME)";
				SWIFT_EMIT_LOC_STRINGS = YES;
				SWIFT_VERSION = 5.0;
				TARGETED_DEVICE_FAMILY = "1,2";
			};
			name = Release;
		};
		5E2272A429324D6300BC7ED0 /* Debug */ = {
			isa = XCBuildConfiguration;
			buildSettings = {
				ALWAYS_EMBED_SWIFT_STANDARD_LIBRARIES = YES;
				BUNDLE_LOADER = "$(TEST_HOST)";
				CODE_SIGN_STYLE = Automatic;
				CURRENT_PROJECT_VERSION = 1;
				GENERATE_INFOPLIST_FILE = YES;
				IPHONEOS_DEPLOYMENT_TARGET = 16.1;
				MARKETING_VERSION = 1.0;
				PRODUCT_BUNDLE_IDENTIFIER = com.gkagan.HeatermeterTests;
				PRODUCT_NAME = "$(TARGET_NAME)";
				SWIFT_EMIT_LOC_STRINGS = NO;
				SWIFT_VERSION = 5.0;
				TARGETED_DEVICE_FAMILY = "1,2";
				TEST_HOST = "$(BUILT_PRODUCTS_DIR)/Heatermeter.app/$(BUNDLE_EXECUTABLE_FOLDER_PATH)/Heatermeter";
			};
			name = Debug;
		};
		5E2272A529324D6300BC7ED0 /* Release */ = {
			isa = XCBuildConfiguration;
			buildSettings = {
				ALWAYS_EMBED_SWIFT_STANDARD_LIBRARIES = YES;
				BUNDLE_LOADER = "$(TEST_HOST)";
				CODE_SIGN_STYLE = Automatic;
				CURRENT_PROJECT_VERSION = 1;
				GENERATE_INFOPLIST_FILE = YES;
				IPHONEOS_DEPLOYMENT_TARGET = 16.1;
				MARKETING_VERSION = 1.0;
				PRODUCT_BUNDLE_IDENTIFIER = com.gkagan.HeatermeterTests;
				PRODUCT_NAME = "$(TARGET_NAME)";
				SWIFT_EMIT_LOC_STRINGS = NO;
				SWIFT_VERSION = 5.0;
				TARGETED_DEVICE_FAMILY = "1,2";
				TEST_HOST = "$(BUILT_PRODUCTS_DIR)/Heatermeter.app/$(BUNDLE_EXECUTABLE_FOLDER_PATH)/Heatermeter";
			};
			name = Release;
		};
		5E2272A729324D6300BC7ED0 /* Debug */ = {
			isa = XCBuildConfiguration;
			buildSettings = {
				ALWAYS_EMBED_SWIFT_STANDARD_LIBRARIES = YES;
				CODE_SIGN_STYLE = Automatic;
				CURRENT_PROJECT_VERSION = 1;
				GENERATE_INFOPLIST_FILE = YES;
				MARKETING_VERSION = 1.0;
				PRODUCT_BUNDLE_IDENTIFIER = com.gkagan.HeatermeterUITests;
				PRODUCT_NAME = "$(TARGET_NAME)";
				SWIFT_EMIT_LOC_STRINGS = NO;
				SWIFT_VERSION = 5.0;
				TARGETED_DEVICE_FAMILY = "1,2";
				TEST_TARGET_NAME = Heatermeter;
			};
			name = Debug;
		};
		5E2272A829324D6300BC7ED0 /* Release */ = {
			isa = XCBuildConfiguration;
			buildSettings = {
				ALWAYS_EMBED_SWIFT_STANDARD_LIBRARIES = YES;
				CODE_SIGN_STYLE = Automatic;
				CURRENT_PROJECT_VERSION = 1;
				GENERATE_INFOPLIST_FILE = YES;
				MARKETING_VERSION = 1.0;
				PRODUCT_BUNDLE_IDENTIFIER = com.gkagan.HeatermeterUITests;
				PRODUCT_NAME = "$(TARGET_NAME)";
				SWIFT_EMIT_LOC_STRINGS = NO;
				SWIFT_VERSION = 5.0;
				TARGETED_DEVICE_FAMILY = "1,2";
				TEST_TARGET_NAME = Heatermeter;
			};
			name = Release;
		};
/* End XCBuildConfiguration section */

/* Begin XCConfigurationList section */
		5E22727729324D6200BC7ED0 /* Build configuration list for PBXProject "Heatermeter" */ = {
			isa = XCConfigurationList;
			buildConfigurations = (
				5E22729E29324D6300BC7ED0 /* Debug */,
				5E22729F29324D6300BC7ED0 /* Release */,
			);
			defaultConfigurationIsVisible = 0;
			defaultConfigurationName = Release;
		};
		5E2272A029324D6300BC7ED0 /* Build configuration list for PBXNativeTarget "Heatermeter" */ = {
			isa = XCConfigurationList;
			buildConfigurations = (
				5E2272A129324D6300BC7ED0 /* Debug */,
				5E2272A229324D6300BC7ED0 /* Release */,
			);
			defaultConfigurationIsVisible = 0;
			defaultConfigurationName = Release;
		};
		5E2272A329324D6300BC7ED0 /* Build configuration list for PBXNativeTarget "HeatermeterTests" */ = {
			isa = XCConfigurationList;
			buildConfigurations = (
				5E2272A429324D6300BC7ED0 /* Debug */,
				5E2272A529324D6300BC7ED0 /* Release */,
			);
			defaultConfigurationIsVisible = 0;
			defaultConfigurationName = Release;
		};
		5E2272A629324D6300BC7ED0 /* Build configuration list for PBXNativeTarget "HeatermeterUITests" */ = {
			isa = XCConfigurationList;
			buildConfigurations = (
				5E2272A729324D6300BC7ED0 /* Debug */,
				5E2272A829324D6300BC7ED0 /* Release */,
			);
			defaultConfigurationIsVisible = 0;
			defaultConfigurationName = Release;
		};
/* End XCConfigurationList section */

/* Begin XCRemoteSwiftPackageReference section */
		5E2272A929324D9500BC7ED0 /* XCRemoteSwiftPackageReference "swift-service-discovery" */ = {
			isa = XCRemoteSwiftPackageReference;
			repositoryURL = "https://github.com/apple/swift-service-discovery";
			requirement = {
				kind = upToNextMajorVersion;
				minimumVersion = 1.0.0;
			};
		};
		5E52805D2936EE7F003BE095 /* XCRemoteSwiftPackageReference "CodableCSV" */ = {
			isa = XCRemoteSwiftPackageReference;
			repositoryURL = "https://github.com/dehesa/CodableCSV.git";
			requirement = {
				kind = upToNextMajorVersion;
				minimumVersion = 0.6.7;
			};
		};
/* End XCRemoteSwiftPackageReference section */

/* Begin XCSwiftPackageProductDependency section */
		5E2272AA29324D9500BC7ED0 /* ServiceDiscovery */ = {
			isa = XCSwiftPackageProductDependency;
			package = 5E2272A929324D9500BC7ED0 /* XCRemoteSwiftPackageReference "swift-service-discovery" */;
			productName = ServiceDiscovery;
		};
		5E52805E2936EE7F003BE095 /* CodableCSV */ = {
			isa = XCSwiftPackageProductDependency;
			package = 5E52805D2936EE7F003BE095 /* XCRemoteSwiftPackageReference "CodableCSV" */;
			productName = CodableCSV;
		};
/* End XCSwiftPackageProductDependency section */
	};
	rootObject = 5E22727429324D6200BC7ED0 /* Project object */;
}
